
Microsoft Visual Studio Solution File, Format Version 12.00
# Visual Studio 15
Project("{FAE04EC0-301F-11D3-BF4B-00C04F79EFBC}") = "UnityEngine.TestRunner", "UnityEngine.TestRunner.csproj", "{83CB9675-9411-E135-FFC6-F6F480073D88}"
EndProject
Project("{FAE04EC0-301F-11D3-BF4B-00C04F79EFBC}") = "Unity.Timeline", "Unity.Timeline.csproj", "{D541A9F2-47C7-2FF7-9A9D-C5FACA452585}"
EndProject
Project("{FAE04EC0-301F-11D3-BF4B-00C04F79EFBC}") = "UnityEngine.UI", "UnityEngine.UI.csproj", "{68B79EF5-0583-92EF-A56A-9A494DF09B1A}"
EndProject
Project("{FAE04EC0-301F-11D3-BF4B-00C04F79EFBC}") = "Unity.TextMeshPro", "Unity.TextMeshPro.csproj", "{65772268-4DA2-3812-53DE-0CBCFEB3DC88}"
EndProject
Project("{FAE04EC0-301F-11D3-BF4B-00C04F79EFBC}") = "Assembly-CSharp", "Assembly-CSharp.csproj", "{C7803ABF-0697-EE29-EFB1-D0A482E91531}"
EndProject
Project("{FAE04EC0-301F-11D3-BF4B-00C04F79EFBC}") = "UnityEditor.TestRunner", "UnityEditor.TestRunner.csproj", "{54CBF1E8-6935-5436-0499-97A948922D2C}"
EndProject
Project("{FAE04EC0-301F-11D3-BF4B-00C04F79EFBC}") = "Unity.PlasticSCM.Editor", "Unity.PlasticSCM.Editor.csproj", "{5C70971E-2876-80A6-5B18-02E87D835B71}"
EndProject
Project("{FAE04EC0-301F-11D3-BF4B-00C04F79EFBC}") = "UnityEditor.UI", "UnityEditor.UI.csproj", "{2E18E7EF-6C7D-09D3-95DE-BB1F597E798B}"
EndProject
Project("{FAE04EC0-301F-11D3-BF4B-00C04F79EFBC}") = "Unity.Timeline.Editor", "Unity.Timeline.Editor.csproj", "{B7E3FC3F-A4F3-CEB1-D080-E432918B5396}"
EndProject
Project("{FAE04EC0-301F-11D3-BF4B-00C04F79EFBC}") = "Unity.VisualStudio.Editor", "Unity.VisualStudio.Editor.csproj", "{26DD582D-0D40-8401-EC63-C2F5E0350C34}"
EndProject
Project("{FAE04EC0-301F-11D3-BF4B-00C04F79EFBC}") = "Unity.TextMeshPro.Editor", "Unity.TextMeshPro.Editor.csproj", "{39012CA2-059F-5536-8C42-2AAF4E3C9D72}"
EndProject
Project("{FAE04EC0-301F-11D3-BF4B-00C04F79EFBC}") = "Unity.CollabProxy.Editor", "Unity.CollabProxy.Editor.csproj", "{DB764718-48B2-FD04-74AA-D6E8AD467414}"
EndProject
Project("{FAE04EC0-301F-11D3-BF4B-00C04F79EFBC}") = "Unity.Rider.Editor", "Unity.Rider.Editor.csproj", "{45106EA4-CD4A-1490-FBC2-BB823EC6C13C}"
EndProject
Project("{FAE04EC0-301F-11D3-BF4B-00C04F79EFBC}") = "Unity.VSCode.Editor", "Unity.VSCode.Editor.csproj", "{D2C7FE99-4A04-AF97-EAB7-6A9BC512AF05}"
EndProject
Project("{FAE04EC0-301F-11D3-BF4B-00C04F79EFBC}") = "UnityEngine.TestRunner", "UnityEngine.TestRunner.Player.csproj", "{C70AC811-F35B-0E4F-ADE9-F1C3FEBB18AA}"
EndProject
Project("{FAE04EC0-301F-11D3-BF4B-00C04F79EFBC}") = "Unity.Timeline", "Unity.Timeline.Player.csproj", "{CA73BA48-8D30-0A51-EE17-B81C0E775D9E}"
EndProject
Project("{FAE04EC0-301F-11D3-BF4B-00C04F79EFBC}") = "UnityEngine.UI", "UnityEngine.UI.Player.csproj", "{0A1BC7D5-4B97-D0F0-913B-FC16FBA85E10}"
EndProject
Project("{FAE04EC0-301F-11D3-BF4B-00C04F79EFBC}") = "Unity.TextMeshPro", "Unity.TextMeshPro.Player.csproj", "{9AEDC960-6FF0-8CBC-70DF-F1A66D62A510}"
EndProject
Project("{FAE04EC0-301F-11D3-BF4B-00C04F79EFBC}") = "Assembly-CSharp", "Assembly-CSharp.Player.csproj", "{AE8B56A8-409D-9AA1-58B2-98AF8E65A72C}"
EndProject
Global
	GlobalSection(SolutionConfigurationPlatforms) = preSolution
		Debug|Any CPU = Debug|Any CPU
		Release|Any CPU = Release|Any CPU
	EndGlobalSection
	GlobalSection(ProjectConfigurationPlatforms) = postSolution
		{83CB9675-9411-E135-FFC6-F6F480073D88}.Debug|Any CPU.ActiveCfg = Debug|Any CPU
		{83CB9675-9411-E135-FFC6-F6F480073D88}.Debug|Any CPU.Build.0 = Debug|Any CPU
		{83CB9675-9411-E135-FFC6-F6F480073D88}.Release|Any CPU.ActiveCfg = Release|Any CPU
		{83CB9675-9411-E135-FFC6-F6F480073D88}.Release|Any CPU.Build.0 = Release|Any CPU
		{D541A9F2-47C7-2FF7-9A9D-C5FACA452585}.Debug|Any CPU.ActiveCfg = Debug|Any CPU
		{D541A9F2-47C7-2FF7-9A9D-C5FACA452585}.Debug|Any CPU.Build.0 = Debug|Any CPU
		{D541A9F2-47C7-2FF7-9A9D-C5FACA452585}.Release|Any CPU.ActiveCfg = Release|Any CPU
		{D541A9F2-47C7-2FF7-9A9D-C5FACA452585}.Release|Any CPU.Build.0 = Release|Any CPU
		{68B79EF5-0583-92EF-A56A-9A494DF09B1A}.Debug|Any CPU.ActiveCfg = Debug|Any CPU
		{68B79EF5-0583-92EF-A56A-9A494DF09B1A}.Debug|Any CPU.Build.0 = Debug|Any CPU
		{68B79EF5-0583-92EF-A56A-9A494DF09B1A}.Release|Any CPU.ActiveCfg = Release|Any CPU
		{68B79EF5-0583-92EF-A56A-9A494DF09B1A}.Release|Any CPU.Build.0 = Release|Any CPU
		{65772268-4DA2-3812-53DE-0CBCFEB3DC88}.Debug|Any CPU.ActiveCfg = Debug|Any CPU
		{65772268-4DA2-3812-53DE-0CBCFEB3DC88}.Debug|Any CPU.Build.0 = Debug|Any CPU
		{65772268-4DA2-3812-53DE-0CBCFEB3DC88}.Release|Any CPU.ActiveCfg = Release|Any CPU
		{65772268-4DA2-3812-53DE-0CBCFEB3DC88}.Release|Any CPU.Build.0 = Release|Any CPU
		{C7803ABF-0697-EE29-EFB1-D0A482E91531}.Debug|Any CPU.ActiveCfg = Debug|Any CPU
		{C7803ABF-0697-EE29-EFB1-D0A482E91531}.Debug|Any CPU.Build.0 = Debug|Any CPU
		{C7803ABF-0697-EE29-EFB1-D0A482E91531}.Release|Any CPU.ActiveCfg = Release|Any CPU
		{C7803ABF-0697-EE29-EFB1-D0A482E91531}.Release|Any CPU.Build.0 = Release|Any CPU
		{54CBF1E8-6935-5436-0499-97A948922D2C}.Debug|Any CPU.ActiveCfg = Debug|Any CPU
		{54CBF1E8-6935-5436-0499-97A948922D2C}.Debug|Any CPU.Build.0 = Debug|Any CPU
		{54CBF1E8-6935-5436-0499-97A948922D2C}.Release|Any CPU.ActiveCfg = Release|Any CPU
		{54CBF1E8-6935-5436-0499-97A948922D2C}.Release|Any CPU.Build.0 = Release|Any CPU
		{5C70971E-2876-80A6-5B18-02E87D835B71}.Debug|Any CPU.ActiveCfg = Debug|Any CPU
		{5C70971E-2876-80A6-5B18-02E87D835B71}.Debug|Any CPU.Build.0 = Debug|Any CPU
		{5C70971E-2876-80A6-5B18-02E87D835B71}.Release|Any CPU.ActiveCfg = Release|Any CPU
		{5C70971E-2876-80A6-5B18-02E87D835B71}.Release|Any CPU.Build.0 = Release|Any CPU
		{2E18E7EF-6C7D-09D3-95DE-BB1F597E798B}.Debug|Any CPU.ActiveCfg = Debug|Any CPU
		{2E18E7EF-6C7D-09D3-95DE-BB1F597E798B}.Debug|Any CPU.Build.0 = Debug|Any CPU
		{2E18E7EF-6C7D-09D3-95DE-BB1F597E798B}.Release|Any CPU.ActiveCfg = Release|Any CPU
		{2E18E7EF-6C7D-09D3-95DE-BB1F597E798B}.Release|Any CPU.Build.0 = Release|Any CPU
		{B7E3FC3F-A4F3-CEB1-D080-E432918B5396}.Debug|Any CPU.ActiveCfg = Debug|Any CPU
		{B7E3FC3F-A4F3-CEB1-D080-E432918B5396}.Debug|Any CPU.Build.0 = Debug|Any CPU
		{B7E3FC3F-A4F3-CEB1-D080-E432918B5396}.Release|Any CPU.ActiveCfg = Release|Any CPU
		{B7E3FC3F-A4F3-CEB1-D080-E432918B5396}.Release|Any CPU.Build.0 = Release|Any CPU
		{26DD582D-0D40-8401-EC63-C2F5E0350C34}.Debug|Any CPU.ActiveCfg = Debug|Any CPU
		{26DD582D-0D40-8401-EC63-C2F5E0350C34}.Debug|Any CPU.Build.0 = Debug|Any CPU
		{26DD582D-0D40-8401-EC63-C2F5E0350C34}.Release|Any CPU.ActiveCfg = Release|Any CPU
		{26DD582D-0D40-8401-EC63-C2F5E0350C34}.Release|Any CPU.Build.0 = Release|Any CPU
		{39012CA2-059F-5536-8C42-2AAF4E3C9D72}.Debug|Any CPU.ActiveCfg = Debug|Any CPU
		{39012CA2-059F-5536-8C42-2AAF4E3C9D72}.Debug|Any CPU.Build.0 = Debug|Any CPU
		{39012CA2-059F-5536-8C42-2AAF4E3C9D72}.Release|Any CPU.ActiveCfg = Release|Any CPU
		{39012CA2-059F-5536-8C42-2AAF4E3C9D72}.Release|Any CPU.Build.0 = Release|Any CPU
		{DB764718-48B2-FD04-74AA-D6E8AD467414}.Debug|Any CPU.ActiveCfg = Debug|Any CPU
		{DB764718-48B2-FD04-74AA-D6E8AD467414}.Debug|Any CPU.Build.0 = Debug|Any CPU
		{DB764718-48B2-FD04-74AA-D6E8AD467414}.Release|Any CPU.ActiveCfg = Release|Any CPU
		{DB764718-48B2-FD04-74AA-D6E8AD467414}.Release|Any CPU.Build.0 = Release|Any CPU
		{45106EA4-CD4A-1490-FBC2-BB823EC6C13C}.Debug|Any CPU.ActiveCfg = Debug|Any CPU
		{45106EA4-CD4A-1490-FBC2-BB823EC6C13C}.Debug|Any CPU.Build.0 = Debug|Any CPU
		{45106EA4-CD4A-1490-FBC2-BB823EC6C13C}.Release|Any CPU.ActiveCfg = Release|Any CPU
		{45106EA4-CD4A-1490-FBC2-BB823EC6C13C}.Release|Any CPU.Build.0 = Release|Any CPU
		{D2C7FE99-4A04-AF97-EAB7-6A9BC512AF05}.Debug|Any CPU.ActiveCfg = Debug|Any CPU
		{D2C7FE99-4A04-AF97-EAB7-6A9BC512AF05}.Debug|Any CPU.Build.0 = Debug|Any CPU
		{D2C7FE99-4A04-AF97-EAB7-6A9BC512AF05}.Release|Any CPU.ActiveCfg = Release|Any CPU
		{D2C7FE99-4A04-AF97-EAB7-6A9BC512AF05}.Release|Any CPU.Build.0 = Release|Any CPU
		{C70AC811-F35B-0E4F-ADE9-F1C3FEBB18AA}.Debug|Any CPU.ActiveCfg = Debug|Any CPU
		{C70AC811-F35B-0E4F-ADE9-F1C3FEBB18AA}.Debug|Any CPU.Build.0 = Debug|Any CPU
		{C70AC811-F35B-0E4F-ADE9-F1C3FEBB18AA}.Release|Any CPU.ActiveCfg = Release|Any CPU
		{C70AC811-F35B-0E4F-ADE9-F1C3FEBB18AA}.Release|Any CPU.Build.0 = Release|Any CPU
		{CA73BA48-8D30-0A51-EE17-B81C0E775D9E}.Debug|Any CPU.ActiveCfg = Debug|Any CPU
		{CA73BA48-8D30-0A51-EE17-B81C0E775D9E}.Debug|Any CPU.Build.0 = Debug|Any CPU
		{CA73BA48-8D30-0A51-EE17-B81C0E775D9E}.Release|Any CPU.ActiveCfg = Release|Any CPU
		{CA73BA48-8D30-0A51-EE17-B81C0E775D9E}.Release|Any CPU.Build.0 = Release|Any CPU
		{0A1BC7D5-4B97-D0F0-913B-FC16FBA85E10}.Debug|Any CPU.ActiveCfg = Debug|Any CPU
		{0A1BC7D5-4B97-D0F0-913B-FC16FBA85E10}.Debug|Any CPU.Build.0 = Debug|Any CPU
		{0A1BC7D5-4B97-D0F0-913B-FC16FBA85E10}.Release|Any CPU.ActiveCfg = Release|Any CPU
		{0A1BC7D5-4B97-D0F0-913B-FC16FBA85E10}.Release|Any CPU.Build.0 = Release|Any CPU
		{9AEDC960-6FF0-8CBC-70DF-F1A66D62A510}.Debug|Any CPU.ActiveCfg = Debug|Any CPU
		{9AEDC960-6FF0-8CBC-70DF-F1A66D62A510}.Debug|Any CPU.Build.0 = Debug|Any CPU
		{9AEDC960-6FF0-8CBC-70DF-F1A66D62A510}.Release|Any CPU.ActiveCfg = Release|Any CPU
		{9AEDC960-6FF0-8CBC-70DF-F1A66D62A510}.Release|Any CPU.Build.0 = Release|Any CPU
		{AE8B56A8-409D-9AA1-58B2-98AF8E65A72C}.Debug|Any CPU.ActiveCfg = Debug|Any CPU
		{AE8B56A8-409D-9AA1-58B2-98AF8E65A72C}.Debug|Any CPU.Build.0 = Debug|Any CPU
		{AE8B56A8-409D-9AA1-58B2-98AF8E65A72C}.Release|Any CPU.ActiveCfg = Release|Any CPU
		{AE8B56A8-409D-9AA1-58B2-98AF8E65A72C}.Release|Any CPU.Build.0 = Release|Any CPU
	EndGlobalSection
	GlobalSection(SolutionProperties) = preSolution
		HideSolutionNode = FALSE
	EndGlobalSection
EndGlobal
